// !$*UTF8*$!
{
	archiveVersion = 1;
	classes = {
	};
	objectVersion = 46;
	objects = {

/* Begin PBXBuildFile section */
		680A00021D31D9A1006407EC /* bst.swift in Sources */ = {isa = PBXBuildFile; fileRef = 680A00011D31D9A1006407EC /* bst.swift */; };
		680AFFFB1D31D98C006407EC /* main.swift in Sources */ = {isa = PBXBuildFile; fileRef = 680AFFFA1D31D98C006407EC /* main.swift */; };
/* End PBXBuildFile section */

/* Begin PBXCopyFilesBuildPhase section */
		680AFFF51D31D98C006407EC /* CopyFiles */ = {
			isa = PBXCopyFilesBuildPhase;
			buildActionMask = 2147483647;
			dstPath = /usr/share/man/man1/;
			dstSubfolderSpec = 0;
			files = (
			);
			runOnlyForDeploymentPostprocessing = 1;
		};
/* End PBXCopyFilesBuildPhase section */

/* Begin PBXFileReference section */
		680A00011D31D9A1006407EC /* bst.swift */ = {isa = PBXFileReference; fileEncoding = 4; lastKnownFileType = sourcecode.swift; path = bst.swift; sourceTree = "<group>"; };
		680AFFF71D31D98C006407EC /* BST-II */ = {isa = PBXFileReference; explicitFileType = "compiled.mach-o.executable"; includeInIndex = 0; path = "BST-II"; sourceTree = BUILT_PRODUCTS_DIR; };
		680AFFFA1D31D98C006407EC /* main.swift */ = {isa = PBXFileReference; lastKnownFileType = sourcecode.swift; path = main.swift; sourceTree = "<group>"; };
/* End PBXFileReference section */

/* Begin PBXFrameworksBuildPhase section */
		680AFFF41D31D98C006407EC /* Frameworks */ = {
			isa = PBXFrameworksBuildPhase;
			buildActionMask = 2147483647;
			files = (
			);
			runOnlyForDeploymentPostprocessing = 0;
		};
/* End PBXFrameworksBuildPhase section */

/* Begin PBXGroup section */
		680AFFEE1D31D98C006407EC = {
			isa = PBXGroup;
			children = (
				680AFFF91D31D98C006407EC /* BST-II */,
				680AFFF81D31D98C006407EC /* Products */,
			);
			sourceTree = "<group>";
		};
		680AFFF81D31D98C006407EC /* Products */ = {
			isa = PBXGroup;
			children = (
				680AFFF71D31D98C006407EC /* BST-II */,
			);
			name = Products;
			sourceTree = "<group>";
		};
		680AFFF91D31D98C006407EC /* BST-II */ = {
			isa = PBXGroup;
			children = (
				680AFFFA1D31D98C006407EC /* main.swift */,
				680A00011D31D9A1006407EC /* bst.swift */,
			);
			path = "BST-II";
			sourceTree = "<group>";
		};
/* End PBXGroup section */

/* Begin PBXNativeTarget section */
		680AFFF61D31D98C006407EC /* BST-II */ = {
			isa = PBXNativeTarget;
			buildConfigurationList = 680AFFFE1D31D98C006407EC /* Build configuration list for PBXNativeTarget "BST-II" */;
			buildPhases = (
				680AFFF31D31D98C006407EC /* Sources */,
				680AFFF41D31D98C006407EC /* Frameworks */,
				680AFFF51D31D98C006407EC /* CopyFiles */,
			);
			buildRules = (
			);
			dependencies = (
			);
			name = "BST-II";
			productName = "BST-II";
			productReference = 680AFFF71D31D98C006407EC /* BST-II */;
			productType = "com.apple.product-type.tool";
		};
/* End PBXNativeTarget section */

/* Begin PBXProject section */
		680AFFEF1D31D98C006407EC /* Project object */ = {
			isa = PBXProject;
			attributes = {
				LastSwiftUpdateCheck = 0800;
				LastUpgradeCheck = 0800;
				ORGANIZATIONNAME = Boxue;
				TargetAttributes = {
					680AFFF61D31D98C006407EC = {
						CreatedOnToolsVersion = 8.0;
						DevelopmentTeam = 9DJEBF62S3;
						DevelopmentTeamName = "Yi Cui";
						ProvisioningStyle = Automatic;
					};
				};
			};
			buildConfigurationList = 680AFFF21D31D98C006407EC /* Build configuration list for PBXProject "BST-II" */;
			compatibilityVersion = "Xcode 3.2";
			developmentRegion = English;
			hasScannedForEncodings = 0;
			knownRegions = (
				en,
			);
			mainGroup = 680AFFEE1D31D98C006407EC;
			productRefGroup = 680AFFF81D31D98C006407EC /* Products */;
			projectDirPath = "";
			projectRoot = "";
			targets = (
				680AFFF61D31D98C006407EC /* BST-II */,
			);
		};
/* End PBXProject section */

/* Begin PBXSourcesBuildPhase section */
		680AFFF31D31D98C006407EC /* Sources */ = {
			isa = PBXSourcesBuildPhase;
			buildActionMask = 2147483647;
			files = (
				680AFFFB1D31D98C006407EC /* main.swift in Sources */,
				680A00021D31D9A1006407EC /* bst.swift in Sources */,
			);
			runOnlyForDeploymentPostprocessing = 0;
		};
/* End PBXSourcesBuildPhase section */

/* Begin XCBuildConfiguration section */
		680A00001D31D98C006407EC /* Release */ = {
			isa = XCBuildConfiguration;
			buildSettings = {
				PRODUCT_NAME = "$(TARGET_NAME)";
			};
			name = Release;
		};
		680AFFFC1D31D98C006407EC /* Debug */ = {
			isa = XCBuildConfiguration;
			buildSettings = {
				ALWAYS_SEARCH_USER_PATHS = NO;
				CLANG_ANALYZER_NONNULL = YES;
				CLANG_CXX_LANGUAGE_STANDARD = "gnu++0x";
				CLANG_CXX_LIBRARY = "libc++";
				CLANG_ENABLE_MODULES = YES;
				CLANG_ENABLE_OBJC_ARC = YES;
				CLANG_WARN_BOOL_CONVERSION = YES;
				CLANG_WARN_CONSTANT_CONVERSION = YES;
				CLANG_WARN_DIRECT_OBJC_ISA_USAGE = YES_ERROR;
				CLANG_WARN_DOCUMENTATION_COMMENTS = YES;
				CLANG_WARN_EMPTY_BODY = YES;
				CLANG_WARN_ENUM_CONVERSION = YES;
				CLANG_WARN_INT_CONVERSION = YES;
				CLANG_WARN_OBJC_ROOT_CLASS = YES_ERROR;
				CLANG_WARN_UNREACHABLE_CODE = YES;
				CLANG_WARN__DUPLICATE_METHOD_MATCH = YES;
				CODE_SIGN_IDENTITY = "-";
				COPY_PHASE_STRIP = NO;
				DEBUG_INFORMATION_FORMAT = dwarf;
				ENABLE_STRICT_OBJC_MSGSEND = YES;
				ENABLE_TESTABILITY = YES;
				GCC_C_LANGUAGE_STANDARD = gnu99;
				GCC_DYNAMIC_NO_PIC = NO;
				GCC_NO_COMMON_BLOCKS = YES;
				GCC_OPTIMIZATION_LEVEL = 0;
				GCC_PREPROCESSOR_DEFINITIONS = (
					"DEBUG=1",
					"$(inherited)",
				);
				GCC_WARN_64_TO_32_BIT_CONVERSION = YES;
				GCC_WARN_ABOUT_RETURN_TYPE = YES_ERROR;
				GCC_WARN_UNDECLARED_SELECTOR = YES;
				GCC_WARN_UNINITIALIZED_AUTOS = YES_AGGRESSIVE;
				GCC_WARN_UNUSED_FUNCTION = YES;
				GCC_WARN_UNUSED_VARIABLE = YES;
				MACOSX_DEPLOYMENT_TARGET = 10.11;
				MTL_ENABLE_DEBUG_INFO = YES;
				ONLY_ACTIVE_ARCH = YES;
				SDKROOT = macosx;
				SWIFT_OPTIMIZATION_LEVEL = "-Onone";
			};
			name = Debug;
		};
		680AFFFD1D31D98C006407EC /* Release */ = {
			isa = XCBuildConfiguration;
			buildSettings = {
				ALWAYS_SEARCH_USER_PATHS = NO;
				CLANG_ANALYZER_NONNULL = YES;
				CLANG_CXX_LANGUAGE_STANDARD = "gnu++0x";
				CLANG_CXX_LIBRARY = "libc++";
				CLANG_ENABLE_MODULES = YES;
				CLANG_ENABLE_OBJC_ARC = YES;
				CLANG_WARN_BOOL_CONVERSION = YES;
				CLANG_WARN_CONSTANT_CONVERSION = YES;
				CLANG_WARN_DIRECT_OBJC_ISA_USAGE = YES_ERROR;
				CLANG_WARN_DOCUMENTATION_COMMENTS = YES;
				CLANG_WARN_EMPTY_BODY = YES;
				CLANG_WARN_ENUM_CONVERSION = YES;
				CLANG_WARN_INT_CONVERSION = YES;
				CLANG_WARN_OBJC_ROOT_CLASS = YES_ERROR;
				CLANG_WARN_UNREACHABLE_CODE = YES;
				CLANG_WARN__DUPLICATE_METHOD_MATCH = YES;
				CODE_SIGN_IDENTITY = "-";
				COPY_PHASE_STRIP = NO;
				DEBUG_INFORMATION_FORMAT = "dwarf-with-dsym";
				ENABLE_NS_ASSERTIONS = NO;
				ENABLE_STRICT_OBJC_MSGSEND = YES;
				GCC_C_LANGUAGE_STANDARD = gnu99;
				GCC_NO_COMMON_BLOCKS = YES;
				GCC_WARN_64_TO_32_BIT_CONVERSION = YES;
				GCC_WARN_ABOUT_RETURN_TYPE = YES_ERROR;
				GCC_WARN_UNDECLARED_SELECTOR = YES;
				GCC_WARN_UNINITIALIZED_AUTOS = YES_AGGRESSIVE;
				GCC_WARN_UNUSED_FUNCTION = YES;
				GCC_WARN_UNUSED_VARIABLE = YES;
				MACOSX_DEPLOYMENT_TARGET = 10.11;
				MTL_ENABLE_DEBUG_INFO = NO;
				SDKROOT = macosx;
			};
			name = Release;
		};
		680AFFFF1D31D98C006407EC /* Debug */ = {
			isa = XCBuildConfiguration;
			buildSettings = {
				PRODUCT_NAME = "$(TARGET_NAME)";
			};
			name = Debug;
		};
/* End XCBuildConfiguration section */

/* Begin XCConfigurationList section */
		680AFFF21D31D98C006407EC /* Build configuration list for PBXProject "BST-II" */ = {
			isa = XCConfigurationList;
			buildConfigurations = (
				680AFFFC1D31D98C006407EC /* Debug */,
				680AFFFD1D31D98C006407EC /* Release */,
			);
			defaultConfigurationIsVisible = 0;
			defaultConfigurationName = Release;
		};
		680AFFFE1D31D98C006407EC /* Build configuration list for PBXNativeTarget "BST-II" */ = {
			isa = XCConfigurationList;
			buildConfigurations = (
				680AFFFF1D31D98C006407EC /* Debug */,
				680A00001D31D98C006407EC /* Release */,
			);
			defaultConfigurationIsVisible = 0;
		};
/* End XCConfigurationList section */
	};
	rootObject = 680AFFEF1D31D98C006407EC /* Project object */;
}
