// !$*UTF8*$!
{
	archiveVersion = 1;
	classes = {
	};
	objectVersion = 46;
	objects = {

/* Begin PBXBuildFile section */
		680AFFE61D2F7FD6006407EC /* main.swift in Sources */ = {isa = PBXBuildFile; fileRef = 680AFFE51D2F7FD6006407EC /* main.swift */; };
		680AFFED1D2F7FE6006407EC /* BST.swift in Sources */ = {isa = PBXBuildFile; fileRef = 680AFFEC1D2F7FE6006407EC /* BST.swift */; };
/* End PBXBuildFile section */

/* Begin PBXCopyFilesBuildPhase section */
		680AFFE01D2F7FD6006407EC /* CopyFiles */ = {
			isa = PBXCopyFilesBuildPhase;
			buildActionMask = 2147483647;
			dstPath = /usr/share/man/man1/;
			dstSubfolderSpec = 0;
			files = (
			);
			runOnlyForDeploymentPostprocessing = 1;
		};
/* End PBXCopyFilesBuildPhase section */

/* Begin PBXFileReference section */
		680AFFE21D2F7FD6006407EC /* BST-I */ = {isa = PBXFileReference; explicitFileType = "compiled.mach-o.executable"; includeInIndex = 0; path = "BST-I"; sourceTree = BUILT_PRODUCTS_DIR; };
		680AFFE51D2F7FD6006407EC /* main.swift */ = {isa = PBXFileReference; lastKnownFileType = sourcecode.swift; path = main.swift; sourceTree = "<group>"; };
		680AFFEC1D2F7FE6006407EC /* BST.swift */ = {isa = PBXFileReference; fileEncoding = 4; lastKnownFileType = sourcecode.swift; path = BST.swift; sourceTree = "<group>"; };
/* End PBXFileReference section */

/* Begin PBXFrameworksBuildPhase section */
		680AFFDF1D2F7FD6006407EC /* Frameworks */ = {
			isa = PBXFrameworksBuildPhase;
			buildActionMask = 2147483647;
			files = (
			);
			runOnlyForDeploymentPostprocessing = 0;
		};
/* End PBXFrameworksBuildPhase section */

/* Begin PBXGroup section */
		680AFFD91D2F7FD6006407EC = {
			isa = PBXGroup;
			children = (
				680AFFE41D2F7FD6006407EC /* BST-I */,
				680AFFE31D2F7FD6006407EC /* Products */,
			);
			sourceTree = "<group>";
		};
		680AFFE31D2F7FD6006407EC /* Products */ = {
			isa = PBXGroup;
			children = (
				680AFFE21D2F7FD6006407EC /* BST-I */,
			);
			name = Products;
			sourceTree = "<group>";
		};
		680AFFE41D2F7FD6006407EC /* BST-I */ = {
			isa = PBXGroup;
			children = (
				680AFFE51D2F7FD6006407EC /* main.swift */,
				680AFFEC1D2F7FE6006407EC /* BST.swift */,
			);
			path = "BST-I";
			sourceTree = "<group>";
		};
/* End PBXGroup section */

/* Begin PBXNativeTarget section */
		680AFFE11D2F7FD6006407EC /* BST-I */ = {
			isa = PBXNativeTarget;
			buildConfigurationList = 680AFFE91D2F7FD6006407EC /* Build configuration list for PBXNativeTarget "BST-I" */;
			buildPhases = (
				680AFFDE1D2F7FD6006407EC /* Sources */,
				680AFFDF1D2F7FD6006407EC /* Frameworks */,
				680AFFE01D2F7FD6006407EC /* CopyFiles */,
			);
			buildRules = (
			);
			dependencies = (
			);
			name = "BST-I";
			productName = "BST-I";
			productReference = 680AFFE21D2F7FD6006407EC /* BST-I */;
			productType = "com.apple.product-type.tool";
		};
/* End PBXNativeTarget section */

/* Begin PBXProject section */
		680AFFDA1D2F7FD6006407EC /* Project object */ = {
			isa = PBXProject;
			attributes = {
				LastSwiftUpdateCheck = 0800;
				LastUpgradeCheck = 0800;
				ORGANIZATIONNAME = Boxue;
				TargetAttributes = {
					680AFFE11D2F7FD6006407EC = {
						CreatedOnToolsVersion = 8.0;
						DevelopmentTeam = 9DJEBF62S3;
						DevelopmentTeamName = "Yi Cui";
						ProvisioningStyle = Automatic;
					};
				};
			};
			buildConfigurationList = 680AFFDD1D2F7FD6006407EC /* Build configuration list for PBXProject "BST-I" */;
			compatibilityVersion = "Xcode 3.2";
			developmentRegion = English;
			hasScannedForEncodings = 0;
			knownRegions = (
				en,
			);
			mainGroup = 680AFFD91D2F7FD6006407EC;
			productRefGroup = 680AFFE31D2F7FD6006407EC /* Products */;
			projectDirPath = "";
			projectRoot = "";
			targets = (
				680AFFE11D2F7FD6006407EC /* BST-I */,
			);
		};
/* End PBXProject section */

/* Begin PBXSourcesBuildPhase section */
		680AFFDE1D2F7FD6006407EC /* Sources */ = {
			isa = PBXSourcesBuildPhase;
			buildActionMask = 2147483647;
			files = (
				680AFFE61D2F7FD6006407EC /* main.swift in Sources */,
				680AFFED1D2F7FE6006407EC /* BST.swift in Sources */,
			);
			runOnlyForDeploymentPostprocessing = 0;
		};
/* End PBXSourcesBuildPhase section */

/* Begin XCBuildConfiguration section */
		680AFFE71D2F7FD6006407EC /* Debug */ = {
			isa = XCBuildConfiguration;
			buildSettings = {
				ALWAYS_SEARCH_USER_PATHS = NO;
				CLANG_ANALYZER_NONNULL = YES;
				CLANG_CXX_LANGUAGE_STANDARD = "gnu++0x";
				CLANG_CXX_LIBRARY = "libc++";
				CLANG_ENABLE_MODULES = YES;
				CLANG_ENABLE_OBJC_ARC = YES;
				CLANG_WARN_BOOL_CONVERSION = YES;
				CLANG_WARN_CONSTANT_CONVERSION = YES;
				CLANG_WARN_DIRECT_OBJC_ISA_USAGE = YES_ERROR;
				CLANG_WARN_DOCUMENTATION_COMMENTS = YES;
				CLANG_WARN_EMPTY_BODY = YES;
				CLANG_WARN_ENUM_CONVERSION = YES;
				CLANG_WARN_INT_CONVERSION = YES;
				CLANG_WARN_OBJC_ROOT_CLASS = YES_ERROR;
				CLANG_WARN_UNREACHABLE_CODE = YES;
				CLANG_WARN__DUPLICATE_METHOD_MATCH = YES;
				CODE_SIGN_IDENTITY = "-";
				COPY_PHASE_STRIP = NO;
				DEBUG_INFORMATION_FORMAT = dwarf;
				ENABLE_STRICT_OBJC_MSGSEND = YES;
				ENABLE_TESTABILITY = YES;
				GCC_C_LANGUAGE_STANDARD = gnu99;
				GCC_DYNAMIC_NO_PIC = NO;
				GCC_NO_COMMON_BLOCKS = YES;
				GCC_OPTIMIZATION_LEVEL = 0;
				GCC_PREPROCESSOR_DEFINITIONS = (
					"DEBUG=1",
					"$(inherited)",
				);
				GCC_WARN_64_TO_32_BIT_CONVERSION = YES;
				GCC_WARN_ABOUT_RETURN_TYPE = YES_ERROR;
				GCC_WARN_UNDECLARED_SELECTOR = YES;
				GCC_WARN_UNINITIALIZED_AUTOS = YES_AGGRESSIVE;
				GCC_WARN_UNUSED_FUNCTION = YES;
				GCC_WARN_UNUSED_VARIABLE = YES;
				MACOSX_DEPLOYMENT_TARGET = 10.11;
				MTL_ENABLE_DEBUG_INFO = YES;
				ONLY_ACTIVE_ARCH = YES;
				SDKROOT = macosx;
				SWIFT_OPTIMIZATION_LEVEL = "-Onone";
			};
			name = Debug;
		};
		680AFFE81D2F7FD6006407EC /* Release */ = {
			isa = XCBuildConfiguration;
			buildSettings = {
				ALWAYS_SEARCH_USER_PATHS = NO;
				CLANG_ANALYZER_NONNULL = YES;
				CLANG_CXX_LANGUAGE_STANDARD = "gnu++0x";
				CLANG_CXX_LIBRARY = "libc++";
				CLANG_ENABLE_MODULES = YES;
				CLANG_ENABLE_OBJC_ARC = YES;
				CLANG_WARN_BOOL_CONVERSION = YES;
				CLANG_WARN_CONSTANT_CONVERSION = YES;
				CLANG_WARN_DIRECT_OBJC_ISA_USAGE = YES_ERROR;
				CLANG_WARN_DOCUMENTATION_COMMENTS = YES;
				CLANG_WARN_EMPTY_BODY = YES;
				CLANG_WARN_ENUM_CONVERSION = YES;
				CLANG_WARN_INT_CONVERSION = YES;
				CLANG_WARN_OBJC_ROOT_CLASS = YES_ERROR;
				CLANG_WARN_UNREACHABLE_CODE = YES;
				CLANG_WARN__DUPLICATE_METHOD_MATCH = YES;
				CODE_SIGN_IDENTITY = "-";
				COPY_PHASE_STRIP = NO;
				DEBUG_INFORMATION_FORMAT = "dwarf-with-dsym";
				ENABLE_NS_ASSERTIONS = NO;
				ENABLE_STRICT_OBJC_MSGSEND = YES;
				GCC_C_LANGUAGE_STANDARD = gnu99;
				GCC_NO_COMMON_BLOCKS = YES;
				GCC_WARN_64_TO_32_BIT_CONVERSION = YES;
				GCC_WARN_ABOUT_RETURN_TYPE = YES_ERROR;
				GCC_WARN_UNDECLARED_SELECTOR = YES;
				GCC_WARN_UNINITIALIZED_AUTOS = YES_AGGRESSIVE;
				GCC_WARN_UNUSED_FUNCTION = YES;
				GCC_WARN_UNUSED_VARIABLE = YES;
				MACOSX_DEPLOYMENT_TARGET = 10.11;
				MTL_ENABLE_DEBUG_INFO = NO;
				SDKROOT = macosx;
			};
			name = Release;
		};
		680AFFEA1D2F7FD6006407EC /* Debug */ = {
			isa = XCBuildConfiguration;
			buildSettings = {
				PRODUCT_NAME = "$(TARGET_NAME)";
			};
			name = Debug;
		};
		680AFFEB1D2F7FD6006407EC /* Release */ = {
			isa = XCBuildConfiguration;
			buildSettings = {
				PRODUCT_NAME = "$(TARGET_NAME)";
			};
			name = Release;
		};
/* End XCBuildConfiguration section */

/* Begin XCConfigurationList section */
		680AFFDD1D2F7FD6006407EC /* Build configuration list for PBXProject "BST-I" */ = {
			isa = XCConfigurationList;
			buildConfigurations = (
				680AFFE71D2F7FD6006407EC /* Debug */,
				680AFFE81D2F7FD6006407EC /* Release */,
			);
			defaultConfigurationIsVisible = 0;
			defaultConfigurationName = Release;
		};
		680AFFE91D2F7FD6006407EC /* Build configuration list for PBXNativeTarget "BST-I" */ = {
			isa = XCConfigurationList;
			buildConfigurations = (
				680AFFEA1D2F7FD6006407EC /* Debug */,
				680AFFEB1D2F7FD6006407EC /* Release */,
			);
			defaultConfigurationIsVisible = 0;
		};
/* End XCConfigurationList section */
	};
	rootObject = 680AFFDA1D2F7FD6006407EC /* Project object */;
}
